# This file is generated by running "yarn install" inside your project.
# Manual changes might be lost - proceed with caution!

__metadata:
  version: 4
  cacheKey: 8

"buyvm_stockchecker@workspace:.":
  version: 0.0.0-use.local
  resolution: "buyvm_stockchecker@workspace:."
  dependencies:
    undici: ^4.5.1
  languageName: unknown
  linkType: soft

"undici@npm:^4.5.1":
  version: 4.5.1
  resolution: "undici@npm:4.5.1"
  checksum: b034fb741de6c3db5ba3021fec5765b7ab4a7af1b6ccea5f8c5b3e67028f29bb208450a4ab10195b5d2270a9c0d13dc1d9c09466fed998de5bbf0dc6b287d6e8
  languageName: node
  linkType: hard
